
Microsoft Visual Studio Solution File, Format Version 12.00
# Visual Studio 15
VisualStudioVersion = 15.0.26403.3
MinimumVisualStudioVersion = 10.0.40219.1
Project("{FAE04EC0-301F-11D3-BF4B-00C04F79EFBC}") = "RegistrationMVC", "RegistrationMVC\RegistrationMVC.csproj", "{D565B9A1-26C9-4501-A123-B095DA0F4E69}"
EndProject
Project("{FAE04EC0-301F-11D3-BF4B-00C04F79EFBC}") = "RegistrationMVC.Tests", "RegistrationMVC.Tests\RegistrationMVC.Tests.csproj", "{AFD43717-D27A-4E88-B0E5-C82B676CFB4D}"
EndProject
Global
	GlobalSection(SolutionConfigurationPlatforms) = preSolution
		Debug|Any CPU = Debug|Any CPU
		Release|Any CPU = Release|Any CPU
	EndGlobalSection
	GlobalSection(ProjectConfigurationPlatforms) = postSolution
		{D565B9A1-26C9-4501-A123-B095DA0F4E69}.Debug|Any CPU.ActiveCfg = Debug|Any CPU
		{D565B9A1-26C9-4501-A123-B095DA0F4E69}.Debug|Any CPU.Build.0 = Debug|Any CPU
		{D565B9A1-26C9-4501-A123-B095DA0F4E69}.Release|Any CPU.ActiveCfg = Release|Any CPU
		{D565B9A1-26C9-4501-A123-B095DA0F4E69}.Release|Any CPU.Build.0 = Release|Any CPU
		{AFD43717-D27A-4E88-B0E5-C82B676CFB4D}.Debug|Any CPU.ActiveCfg = Debug|Any CPU
		{AFD43717-D27A-4E88-B0E5-C82B676CFB4D}.Debug|Any CPU.Build.0 = Debug|Any CPU
		{AFD43717-D27A-4E88-B0E5-C82B676CFB4D}.Release|Any CPU.ActiveCfg = Release|Any CPU
		{AFD43717-D27A-4E88-B0E5-C82B676CFB4D}.Release|Any CPU.Build.0 = Release|Any CPU
	EndGlobalSection
	GlobalSection(SolutionProperties) = preSolution
		HideSolutionNode = FALSE
	EndGlobalSection
EndGlobal
